
Microsoft Visual Studio Solution File, Format Version 12.00
# Visual Studio 15
VisualStudioVersion = 15.0.27428.2005
MinimumVisualStudioVersion = 10.0.40219.1
Project("{9A19103F-16F7-4668-BE54-9A1E7A4F7556}") = "FishbowlConnect", "FishbowlConnect\FishbowlConnect.csproj", "{F3988193-637E-4C6C-A829-AAD24A9734C9}"
EndProject
Project("{9A19103F-16F7-4668-BE54-9A1E7A4F7556}") = "NUnit.FishbowlConnectTests", "NUnit.FishbowlConnectTests\NUnit.FishbowlConnectTests.csproj", "{E64B3D10-B6C6-4C40-8E9A-8E2D556C7359}"
EndProject
Global
	GlobalSection(SolutionConfigurationPlatforms) = preSolution
		Debug|Any CPU = Debug|Any CPU
		Release|Any CPU = Release|Any CPU
	EndGlobalSection
	GlobalSection(ProjectConfigurationPlatforms) = postSolution
		{F3988193-637E-4C6C-A829-AAD24A9734C9}.Debug|Any CPU.ActiveCfg = Debug|Any CPU
		{F3988193-637E-4C6C-A829-AAD24A9734C9}.Debug|Any CPU.Build.0 = Debug|Any CPU
		{F3988193-637E-4C6C-A829-AAD24A9734C9}.Release|Any CPU.ActiveCfg = Release|Any CPU
		{F3988193-637E-4C6C-A829-AAD24A9734C9}.Release|Any CPU.Build.0 = Release|Any CPU
		{E64B3D10-B6C6-4C40-8E9A-8E2D556C7359}.Debug|Any CPU.ActiveCfg = Debug|Any CPU
		{E64B3D10-B6C6-4C40-8E9A-8E2D556C7359}.Debug|Any CPU.Build.0 = Debug|Any CPU
		{E64B3D10-B6C6-4C40-8E9A-8E2D556C7359}.Release|Any CPU.ActiveCfg = Release|Any CPU
	EndGlobalSection
	GlobalSection(SolutionProperties) = preSolution
		HideSolutionNode = FALSE
	EndGlobalSection
	GlobalSection(ExtensibilityGlobals) = postSolution
		SolutionGuid = {4337BD9C-AD2C-47C0-B50A-E9A5020968D9}
	EndGlobalSection
	GlobalSection(TeamFoundationVersionControl) = preSolution
		SccNumberOfProjects = 3
		SccEnterpriseProvider = {4CA58AB2-18FA-4F8D-95D4-32DDF27D184C}
		SccTeamFoundationServer = https://reelnordstrom.visualstudio.com/
		SccLocalPath0 = .
		SccProjectUniqueName1 = FishbowlConnect\\FishbowlConnect.csproj
		SccProjectName1 = FishbowlConnect
		SccLocalPath1 = FishbowlConnect
		SccProjectUniqueName2 = NUnit.FishbowlConnectTests\\NUnit.FishbowlConnectTests.csproj
		SccProjectName2 = NUnit.FishbowlConnectTests
		SccLocalPath2 = NUnit.FishbowlConnectTests
	EndGlobalSection
EndGlobal
